
Microsoft Visual Studio Solution File, Format Version 12.00
# Visual Studio Version 17
VisualStudioVersion = 17.1.32319.34
MinimumVisualStudioVersion = 10.0.40219.1
Project("{FAE04EC0-301F-11D3-BF4B-00C04F79EFBC}") = "BlazorApp1", "BlazorApp1\BlazorApp1.csproj", "{24881B93-B8B6-4623-BF30-E30B9DDB6753}"
EndProject
Global
	GlobalSection(SolutionConfigurationPlatforms) = preSolution
		Debug|Any CPU = Debug|Any CPU
		Release|Any CPU = Release|Any CPU
	EndGlobalSection
	GlobalSection(ProjectConfigurationPlatforms) = postSolution
		{24881B93-B8B6-4623-BF30-E30B9DDB6753}.Debug|Any CPU.ActiveCfg = Debug|Any CPU
		{24881B93-B8B6-4623-BF30-E30B9DDB6753}.Debug|Any CPU.Build.0 = Debug|Any CPU
		{24881B93-B8B6-4623-BF30-E30B9DDB6753}.Release|Any CPU.ActiveCfg = Release|Any CPU
		{24881B93-B8B6-4623-BF30-E30B9DDB6753}.Release|Any CPU.Build.0 = Release|Any CPU
	EndGlobalSection
	GlobalSection(SolutionProperties) = preSolution
		HideSolutionNode = FALSE
	EndGlobalSection
	GlobalSection(ExtensibilityGlobals) = postSolution
		SolutionGuid = {E0AFCE04-9181-4A54-AB21-D7A4C7B1D5AA}
	EndGlobalSection
EndGlobal
